{
  "name": "valorant-api-js",
  "version": "1.0.0",
  "lockfileVersion": 2,
  "requires": true,
  "packages": {
    "": {
      "version": "1.0.0",
      "license": "MIT",
      "dependencies": {
        "valorant-api-js": "^1.0.0"
      }
    },
    "node_modules/valorant-api-js": {
      "version": "1.0.0",
      "resolved": "https://registry.npmjs.org/valorant-api-js/-/valorant-api-js-1.0.0.tgz",
      "integrity": "sha512-xlreNUX0Mi6FYZbJ229DwyfkI1BMeheOKep/WFgyEatjBU+rPqJhTQ2VpXGsX/K7qWzHFqJpyRUDNEXrVz4How=="
    }
  },
  "dependencies": {
    "valorant-api-js": {
      "version": "1.0.0",
      "resolved": "https://registry.npmjs.org/valorant-api-js/-/valorant-api-js-1.0.0.tgz",
      "integrity": "sha512-xlreNUX0Mi6FYZbJ229DwyfkI1BMeheOKep/WFgyEatjBU+rPqJhTQ2VpXGsX/K7qWzHFqJpyRUDNEXrVz4How=="
    }
  }
}
